
Microsoft Visual Studio Solution File, Format Version 12.00
# Visual Studio Version 16
VisualStudioVersion = 16.0.29728.190
MinimumVisualStudioVersion = 10.0.40219.1
Project("{9A19103F-16F7-4668-BE54-9A1E7A4F7556}") = "WorkingWithVisualStudio", "WorkingWithVisualStudio.csproj", "{F3C22D4A-D4C6-4851-BAB7-1087A2F679F1}"
EndProject
Project("{FAE04EC0-301F-11D3-BF4B-00C04F79EFBC}") = "WorkingWithVisualStudio.Tests", "..\WorkingWithVisualStudio.Tests\WorkingWithVisualStudio.Tests.csproj", "{F2E9A32C-444D-442D-BC2E-82825C16BCE2}"
EndProject
Global
	GlobalSection(SolutionConfigurationPlatforms) = preSolution
		Debug|Any CPU = Debug|Any CPU
		Release|Any CPU = Release|Any CPU
	EndGlobalSection
	GlobalSection(ProjectConfigurationPlatforms) = postSolution
		{F3C22D4A-D4C6-4851-BAB7-1087A2F679F1}.Debug|Any CPU.ActiveCfg = Debug|Any CPU
		{F3C22D4A-D4C6-4851-BAB7-1087A2F679F1}.Debug|Any CPU.Build.0 = Debug|Any CPU
		{F3C22D4A-D4C6-4851-BAB7-1087A2F679F1}.Release|Any CPU.ActiveCfg = Release|Any CPU
		{F3C22D4A-D4C6-4851-BAB7-1087A2F679F1}.Release|Any CPU.Build.0 = Release|Any CPU
		{F2E9A32C-444D-442D-BC2E-82825C16BCE2}.Debug|Any CPU.ActiveCfg = Debug|Any CPU
		{F2E9A32C-444D-442D-BC2E-82825C16BCE2}.Debug|Any CPU.Build.0 = Debug|Any CPU
		{F2E9A32C-444D-442D-BC2E-82825C16BCE2}.Release|Any CPU.ActiveCfg = Release|Any CPU
		{F2E9A32C-444D-442D-BC2E-82825C16BCE2}.Release|Any CPU.Build.0 = Release|Any CPU
	EndGlobalSection
	GlobalSection(SolutionProperties) = preSolution
		HideSolutionNode = FALSE
	EndGlobalSection
	GlobalSection(ExtensibilityGlobals) = postSolution
		SolutionGuid = {00E3B25E-0B86-43B9-8A23-236315292FC0}
	EndGlobalSection
EndGlobal
